<Solution>
  <Folder Name="/Solution items/">
    <File Path="AGENTS.md" />
    <File Path="docs/llama-server-help.txt" />
    <File Path="docs/prototype-schermen.txt" />
    <File Path="README.md" />
  </Folder>
  <Project Path="src/LlamaCppStarterApp/LlamaCppStarterApp.csproj" Id="b08d5bb9-9d4f-4577-88f6-45f74e9f8665">
    <Deploy Solution="Debug|*" />
  </Project>
</Solution>
